
Microsoft Visual Studio Solution File, Format Version 12.00
# Visual Studio Version 17
VisualStudioVersion = 17.7.34018.315
MinimumVisualStudioVersion = 10.0.40219.1
Project("{9A19103F-16F7-4668-BE54-9A1E7A4F7556}") = "JeopardyKing", "JeopardyKing.csproj", "{40EAE105-7EDD-4F9E-BF7E-A21E3AE5918E}"
EndProject
Project("{9A19103F-16F7-4668-BE54-9A1E7A4F7556}") = "WindowsNativeRawInputWrapper", "WindowsNativeRawInputWrapper\WindowsNativeRawInputWrapper.csproj", "{191B6DE3-0C9C-4E38-BE1E-93EE452D9404}"
EndProject
Global
	GlobalSection(SolutionConfigurationPlatforms) = preSolution
		Debug|Any CPU = Debug|Any CPU
		Debug|x64 = Debug|x64
		Release|Any CPU = Release|Any CPU
		Release|x64 = Release|x64
	EndGlobalSection
	GlobalSection(ProjectConfigurationPlatforms) = postSolution
		{40EAE105-7EDD-4F9E-BF7E-A21E3AE5918E}.Debug|Any CPU.ActiveCfg = Debug|Any CPU
		{40EAE105-7EDD-4F9E-BF7E-A21E3AE5918E}.Debug|Any CPU.Build.0 = Debug|Any CPU
		{40EAE105-7EDD-4F9E-BF7E-A21E3AE5918E}.Debug|x64.ActiveCfg = Debug|x64
		{40EAE105-7EDD-4F9E-BF7E-A21E3AE5918E}.Debug|x64.Build.0 = Debug|x64
		{40EAE105-7EDD-4F9E-BF7E-A21E3AE5918E}.Release|Any CPU.ActiveCfg = Release|Any CPU
		{40EAE105-7EDD-4F9E-BF7E-A21E3AE5918E}.Release|Any CPU.Build.0 = Release|Any CPU
		{40EAE105-7EDD-4F9E-BF7E-A21E3AE5918E}.Release|x64.ActiveCfg = Release|x64
		{40EAE105-7EDD-4F9E-BF7E-A21E3AE5918E}.Release|x64.Build.0 = Release|x64
		{191B6DE3-0C9C-4E38-BE1E-93EE452D9404}.Debug|Any CPU.ActiveCfg = Debug|Any CPU
		{191B6DE3-0C9C-4E38-BE1E-93EE452D9404}.Debug|Any CPU.Build.0 = Debug|Any CPU
		{191B6DE3-0C9C-4E38-BE1E-93EE452D9404}.Debug|x64.ActiveCfg = Debug|Any CPU
		{191B6DE3-0C9C-4E38-BE1E-93EE452D9404}.Debug|x64.Build.0 = Debug|Any CPU
		{191B6DE3-0C9C-4E38-BE1E-93EE452D9404}.Release|Any CPU.ActiveCfg = Release|Any CPU
		{191B6DE3-0C9C-4E38-BE1E-93EE452D9404}.Release|Any CPU.Build.0 = Release|Any CPU
		{191B6DE3-0C9C-4E38-BE1E-93EE452D9404}.Release|x64.ActiveCfg = Release|Any CPU
		{191B6DE3-0C9C-4E38-BE1E-93EE452D9404}.Release|x64.Build.0 = Release|Any CPU
	EndGlobalSection
	GlobalSection(SolutionProperties) = preSolution
		HideSolutionNode = FALSE
	EndGlobalSection
	GlobalSection(ExtensibilityGlobals) = postSolution
		SolutionGuid = {5C692D5E-BB3B-4B1F-8143-D7D4A3B751E1}
	EndGlobalSection
EndGlobal
